
Microsoft Visual Studio Solution File, Format Version 12.00
# Visual Studio Version 17
VisualStudioVersion = 17.1.32319.34
MinimumVisualStudioVersion = 10.0.40219.1
Project("{FAE04EC0-301F-11D3-BF4B-00C04F79EFBC}") = "Clase06Abril", "Clase06Abril\Clase06Abril.csproj", "{5FD68018-65C4-4D53-A088-F76A275A3B79}"
EndProject
Project("{FAE04EC0-301F-11D3-BF4B-00C04F79EFBC}") = "Biblioteca", "Biblioteca\Biblioteca.csproj", "{83000C47-6711-4350-8963-BDFDE5A9EB74}"
EndProject
Global
	GlobalSection(SolutionConfigurationPlatforms) = preSolution
		Debug|Any CPU = Debug|Any CPU
		Release|Any CPU = Release|Any CPU
	EndGlobalSection
	GlobalSection(ProjectConfigurationPlatforms) = postSolution
		{5FD68018-65C4-4D53-A088-F76A275A3B79}.Debug|Any CPU.ActiveCfg = Debug|Any CPU
		{5FD68018-65C4-4D53-A088-F76A275A3B79}.Debug|Any CPU.Build.0 = Debug|Any CPU
		{5FD68018-65C4-4D53-A088-F76A275A3B79}.Release|Any CPU.ActiveCfg = Release|Any CPU
		{5FD68018-65C4-4D53-A088-F76A275A3B79}.Release|Any CPU.Build.0 = Release|Any CPU
		{83000C47-6711-4350-8963-BDFDE5A9EB74}.Debug|Any CPU.ActiveCfg = Debug|Any CPU
		{83000C47-6711-4350-8963-BDFDE5A9EB74}.Debug|Any CPU.Build.0 = Debug|Any CPU
		{83000C47-6711-4350-8963-BDFDE5A9EB74}.Release|Any CPU.ActiveCfg = Release|Any CPU
		{83000C47-6711-4350-8963-BDFDE5A9EB74}.Release|Any CPU.Build.0 = Release|Any CPU
	EndGlobalSection
	GlobalSection(SolutionProperties) = preSolution
		HideSolutionNode = FALSE
	EndGlobalSection
	GlobalSection(ExtensibilityGlobals) = postSolution
		SolutionGuid = {53BFB22D-B7F8-4302-A22F-9A46D7C96EBF}
	EndGlobalSection
EndGlobal
