
Microsoft Visual Studio Solution File, Format Version 12.00
# Visual Studio Version 17
VisualStudioVersion = 17.1.32319.34
MinimumVisualStudioVersion = 10.0.40219.1
Project("{9A19103F-16F7-4668-BE54-9A1E7A4F7556}") = "Biblioteca", "C02Laestanteria\Biblioteca.csproj", "{603BA2E9-479B-498D-A95C-8623C10F85FD}"
EndProject
Project("{FAE04EC0-301F-11D3-BF4B-00C04F79EFBC}") = "ConsoleApp1", "ConsoleApp1\ConsoleApp1.csproj", "{1A1A6D90-EE61-45FE-9C49-95D31CDA346E}"
EndProject
Global
	GlobalSection(SolutionConfigurationPlatforms) = preSolution
		Debug|Any CPU = Debug|Any CPU
		Release|Any CPU = Release|Any CPU
	EndGlobalSection
	GlobalSection(ProjectConfigurationPlatforms) = postSolution
		{603BA2E9-479B-498D-A95C-8623C10F85FD}.Debug|Any CPU.ActiveCfg = Debug|Any CPU
		{603BA2E9-479B-498D-A95C-8623C10F85FD}.Debug|Any CPU.Build.0 = Debug|Any CPU
		{603BA2E9-479B-498D-A95C-8623C10F85FD}.Release|Any CPU.ActiveCfg = Release|Any CPU
		{603BA2E9-479B-498D-A95C-8623C10F85FD}.Release|Any CPU.Build.0 = Release|Any CPU
		{1A1A6D90-EE61-45FE-9C49-95D31CDA346E}.Debug|Any CPU.ActiveCfg = Debug|Any CPU
		{1A1A6D90-EE61-45FE-9C49-95D31CDA346E}.Debug|Any CPU.Build.0 = Debug|Any CPU
		{1A1A6D90-EE61-45FE-9C49-95D31CDA346E}.Release|Any CPU.ActiveCfg = Release|Any CPU
		{1A1A6D90-EE61-45FE-9C49-95D31CDA346E}.Release|Any CPU.Build.0 = Release|Any CPU
	EndGlobalSection
	GlobalSection(SolutionProperties) = preSolution
		HideSolutionNode = FALSE
	EndGlobalSection
	GlobalSection(ExtensibilityGlobals) = postSolution
		SolutionGuid = {9C75CA6E-6A65-4DA3-8BD1-FC458D2F6ABF}
	EndGlobalSection
EndGlobal
