
Microsoft Visual Studio Solution File, Format Version 12.00
# Visual Studio Version 17
VisualStudioVersion = 17.1.32319.34
MinimumVisualStudioVersion = 10.0.40219.1
Project("{FAE04EC0-301F-11D3-BF4B-00C04F79EFBC}") = "Consola", "Consola\Consola.csproj", "{DAE39B3D-F201-4928-9C68-2798B4C6FD0A}"
EndProject
Project("{FAE04EC0-301F-11D3-BF4B-00C04F79EFBC}") = "Entidades", "ClassLibrary1\Entidades.csproj", "{5CBE8A60-5686-43C7-9729-80DFCDB1B610}"
EndProject
Global
	GlobalSection(SolutionConfigurationPlatforms) = preSolution
		Debug|Any CPU = Debug|Any CPU
		Release|Any CPU = Release|Any CPU
	EndGlobalSection
	GlobalSection(ProjectConfigurationPlatforms) = postSolution
		{DAE39B3D-F201-4928-9C68-2798B4C6FD0A}.Debug|Any CPU.ActiveCfg = Debug|Any CPU
		{DAE39B3D-F201-4928-9C68-2798B4C6FD0A}.Debug|Any CPU.Build.0 = Debug|Any CPU
		{DAE39B3D-F201-4928-9C68-2798B4C6FD0A}.Release|Any CPU.ActiveCfg = Release|Any CPU
		{DAE39B3D-F201-4928-9C68-2798B4C6FD0A}.Release|Any CPU.Build.0 = Release|Any CPU
		{5CBE8A60-5686-43C7-9729-80DFCDB1B610}.Debug|Any CPU.ActiveCfg = Debug|Any CPU
		{5CBE8A60-5686-43C7-9729-80DFCDB1B610}.Debug|Any CPU.Build.0 = Debug|Any CPU
		{5CBE8A60-5686-43C7-9729-80DFCDB1B610}.Release|Any CPU.ActiveCfg = Release|Any CPU
		{5CBE8A60-5686-43C7-9729-80DFCDB1B610}.Release|Any CPU.Build.0 = Release|Any CPU
	EndGlobalSection
	GlobalSection(SolutionProperties) = preSolution
		HideSolutionNode = FALSE
	EndGlobalSection
	GlobalSection(ExtensibilityGlobals) = postSolution
		SolutionGuid = {6DFE4AA8-56A7-43BC-B9BA-19CC1ACF6886}
	EndGlobalSection
EndGlobal
