
Microsoft Visual Studio Solution File, Format Version 12.00
# Visual Studio Version 17
VisualStudioVersion = 17.1.32319.34
MinimumVisualStudioVersion = 10.0.40219.1
Project("{FAE04EC0-301F-11D3-BF4B-00C04F79EFBC}") = "Biblioteca", "Biblioteca\Biblioteca.csproj", "{EEADA654-D03B-411A-A8F3-51D0298FB200}"
EndProject
Project("{FAE04EC0-301F-11D3-BF4B-00C04F79EFBC}") = "Vista", "Vista\Vista.csproj", "{A7F5429A-6B1D-442A-8D4E-B8D25E5C1CF3}"
EndProject
Global
	GlobalSection(SolutionConfigurationPlatforms) = preSolution
		Debug|Any CPU = Debug|Any CPU
		Release|Any CPU = Release|Any CPU
	EndGlobalSection
	GlobalSection(ProjectConfigurationPlatforms) = postSolution
		{EEADA654-D03B-411A-A8F3-51D0298FB200}.Debug|Any CPU.ActiveCfg = Debug|Any CPU
		{EEADA654-D03B-411A-A8F3-51D0298FB200}.Debug|Any CPU.Build.0 = Debug|Any CPU
		{EEADA654-D03B-411A-A8F3-51D0298FB200}.Release|Any CPU.ActiveCfg = Release|Any CPU
		{EEADA654-D03B-411A-A8F3-51D0298FB200}.Release|Any CPU.Build.0 = Release|Any CPU
		{A7F5429A-6B1D-442A-8D4E-B8D25E5C1CF3}.Debug|Any CPU.ActiveCfg = Debug|Any CPU
		{A7F5429A-6B1D-442A-8D4E-B8D25E5C1CF3}.Debug|Any CPU.Build.0 = Debug|Any CPU
		{A7F5429A-6B1D-442A-8D4E-B8D25E5C1CF3}.Release|Any CPU.ActiveCfg = Release|Any CPU
		{A7F5429A-6B1D-442A-8D4E-B8D25E5C1CF3}.Release|Any CPU.Build.0 = Release|Any CPU
	EndGlobalSection
	GlobalSection(SolutionProperties) = preSolution
		HideSolutionNode = FALSE
	EndGlobalSection
	GlobalSection(ExtensibilityGlobals) = postSolution
		SolutionGuid = {3871881C-80AD-41AF-842F-ABFD6E8C70E9}
	EndGlobalSection
EndGlobal
