
Microsoft Visual Studio Solution File, Format Version 12.00
# Visual Studio Version 17
VisualStudioVersion = 17.2.32516.85
MinimumVisualStudioVersion = 10.0.40219.1
Project("{9A19103F-16F7-4668-BE54-9A1E7A4F7556}") = "Biblioteca", "Biblioteca\Biblioteca.csproj", "{C1E7C9D8-239A-4BAF-9B41-C7F601B8C273}"
EndProject
Project("{FAE04EC0-301F-11D3-BF4B-00C04F79EFBC}") = "ConsoleApp1", "ConsoleApp1\ConsoleApp1.csproj", "{0086A451-035A-4A8F-A846-B52FF15B0F13}"
EndProject
Global
	GlobalSection(SolutionConfigurationPlatforms) = preSolution
		Debug|Any CPU = Debug|Any CPU
		Release|Any CPU = Release|Any CPU
	EndGlobalSection
	GlobalSection(ProjectConfigurationPlatforms) = postSolution
		{C1E7C9D8-239A-4BAF-9B41-C7F601B8C273}.Debug|Any CPU.ActiveCfg = Debug|Any CPU
		{C1E7C9D8-239A-4BAF-9B41-C7F601B8C273}.Debug|Any CPU.Build.0 = Debug|Any CPU
		{C1E7C9D8-239A-4BAF-9B41-C7F601B8C273}.Release|Any CPU.ActiveCfg = Release|Any CPU
		{C1E7C9D8-239A-4BAF-9B41-C7F601B8C273}.Release|Any CPU.Build.0 = Release|Any CPU
		{0086A451-035A-4A8F-A846-B52FF15B0F13}.Debug|Any CPU.ActiveCfg = Debug|Any CPU
		{0086A451-035A-4A8F-A846-B52FF15B0F13}.Debug|Any CPU.Build.0 = Debug|Any CPU
		{0086A451-035A-4A8F-A846-B52FF15B0F13}.Release|Any CPU.ActiveCfg = Release|Any CPU
		{0086A451-035A-4A8F-A846-B52FF15B0F13}.Release|Any CPU.Build.0 = Release|Any CPU
	EndGlobalSection
	GlobalSection(SolutionProperties) = preSolution
		HideSolutionNode = FALSE
	EndGlobalSection
	GlobalSection(ExtensibilityGlobals) = postSolution
		SolutionGuid = {E8BD09B2-D64E-47BB-A1FE-495B4B074EFB}
	EndGlobalSection
EndGlobal
