
Microsoft Visual Studio Solution File, Format Version 12.00
# Visual Studio Version 17
VisualStudioVersion = 17.1.32319.34
MinimumVisualStudioVersion = 10.0.40219.1
Project("{FAE04EC0-301F-11D3-BF4B-00C04F79EFBC}") = "I02CuántasPrimaveras", "I02CuántasPrimaveras\I02CuántasPrimaveras.csproj", "{AC7B50EE-2087-4D2B-81A3-82C6AA88C0A0}"
EndProject
Project("{FAE04EC0-301F-11D3-BF4B-00C04F79EFBC}") = "Persona", "Persona\Persona.csproj", "{0DA0D5E4-4936-48A3-80F0-A91A09E83342}"
EndProject
Global
	GlobalSection(SolutionConfigurationPlatforms) = preSolution
		Debug|Any CPU = Debug|Any CPU
		Release|Any CPU = Release|Any CPU
	EndGlobalSection
	GlobalSection(ProjectConfigurationPlatforms) = postSolution
		{AC7B50EE-2087-4D2B-81A3-82C6AA88C0A0}.Debug|Any CPU.ActiveCfg = Debug|Any CPU
		{AC7B50EE-2087-4D2B-81A3-82C6AA88C0A0}.Debug|Any CPU.Build.0 = Debug|Any CPU
		{AC7B50EE-2087-4D2B-81A3-82C6AA88C0A0}.Release|Any CPU.ActiveCfg = Release|Any CPU
		{AC7B50EE-2087-4D2B-81A3-82C6AA88C0A0}.Release|Any CPU.Build.0 = Release|Any CPU
		{0DA0D5E4-4936-48A3-80F0-A91A09E83342}.Debug|Any CPU.ActiveCfg = Debug|Any CPU
		{0DA0D5E4-4936-48A3-80F0-A91A09E83342}.Debug|Any CPU.Build.0 = Debug|Any CPU
		{0DA0D5E4-4936-48A3-80F0-A91A09E83342}.Release|Any CPU.ActiveCfg = Release|Any CPU
		{0DA0D5E4-4936-48A3-80F0-A91A09E83342}.Release|Any CPU.Build.0 = Release|Any CPU
	EndGlobalSection
	GlobalSection(SolutionProperties) = preSolution
		HideSolutionNode = FALSE
	EndGlobalSection
	GlobalSection(ExtensibilityGlobals) = postSolution
		SolutionGuid = {D085FBB0-7E11-4705-80AF-97AA9452EE5F}
	EndGlobalSection
EndGlobal
